
Microsoft Visual Studio Solution File, Format Version 12.00
# Visual Studio 14
VisualStudioVersion = 14.0.25420.1
MinimumVisualStudioVersion = 10.0.40219.1
Project("{2150E333-8FDC-42A3-9474-1A3956D46DE8}") = "Platform", "Platform", "{E91B9266-A071-4280-8465-4794E8BE47B3}"
EndProject
Project("{2150E333-8FDC-42A3-9474-1A3956D46DE8}") = "DataContext", "DataContext", "{88BA8794-384A-4DE4-884D-3935C3C9AABE}"
EndProject
Project("{FAE04EC0-301F-11D3-BF4B-00C04F79EFBC}") = "DataContext", "DataContext\DataContext.csproj", "{81EC0511-1A90-4F82-B79D-66DB8686611E}"
EndProject
Project("{FAE04EC0-301F-11D3-BF4B-00C04F79EFBC}") = "DataContext.EF", "DataContext.EF\DataContext.EF.csproj", "{F5919DD9-0A55-49F2-86A6-BA8C6FDDBB41}"
EndProject
Project("{FAE04EC0-301F-11D3-BF4B-00C04F79EFBC}") = "Faw.DataContext", "FAW.DataContext\Faw.DataContext.csproj", "{008EE560-6F39-4444-B37D-34F787CD71F3}"
EndProject
Project("{2150E333-8FDC-42A3-9474-1A3956D46DE8}") = "Tests", "Tests", "{D093E990-C50E-4942-8396-67CDE68822D7}"
EndProject
Project("{FAE04EC0-301F-11D3-BF4B-00C04F79EFBC}") = "Faw.Models", "Faw.Models\Faw.Models.csproj", "{1948C4BC-23FA-467C-97D9-6F520BB2BFC4}"
EndProject
Project("{FAE04EC0-301F-11D3-BF4B-00C04F79EFBC}") = "Faw.Web.Api", "Faw.Web.Api\Faw.Web.Api.csproj", "{0ED5F52E-1AAF-46C5-A2C2-CF3FE10B7CE0}"
EndProject
Project("{FAE04EC0-301F-11D3-BF4B-00C04F79EFBC}") = "Faw.Web.Api.Tests", "Faw.Web.Api.Tests\Faw.Web.Api.Tests.csproj", "{49EADB54-46BE-4275-95E0-5E299D172A77}"
EndProject
Project("{FAE04EC0-301F-11D3-BF4B-00C04F79EFBC}") = "Faw.Services", "Faw.Services\Faw.Services.csproj", "{B1C7B6E7-0274-4897-9A46-D4869F1C3742}"
EndProject
Project("{FAE04EC0-301F-11D3-BF4B-00C04F79EFBC}") = "Faw.Repositories", "Faw.Repositories\Faw.Repositories.csproj", "{A6002FFE-8118-4C65-890B-49ABC52FFD14}"
EndProject
Project("{2150E333-8FDC-42A3-9474-1A3956D46DE8}") = "DAL", "DAL", "{0B4B9D95-ADF7-47F8-8DB3-602EAAD63056}"
EndProject
Project("{2150E333-8FDC-42A3-9474-1A3956D46DE8}") = "BL", "BL", "{20FE9FA7-1C19-40A6-939B-7783FC71CE47}"
EndProject
Project("{FAE04EC0-301F-11D3-BF4B-00C04F79EFBC}") = "Faw.DataContext.Tests", "Faw.DataContext.Tests\Faw.DataContext.Tests.csproj", "{E483A47D-7AFD-4718-89A4-873816C67DEB}"
EndProject
Global
	GlobalSection(SolutionConfigurationPlatforms) = preSolution
		Debug|Any CPU = Debug|Any CPU
		Release|Any CPU = Release|Any CPU
	EndGlobalSection
	GlobalSection(ProjectConfigurationPlatforms) = postSolution
		{81EC0511-1A90-4F82-B79D-66DB8686611E}.Debug|Any CPU.ActiveCfg = Debug|Any CPU
		{81EC0511-1A90-4F82-B79D-66DB8686611E}.Debug|Any CPU.Build.0 = Debug|Any CPU
		{81EC0511-1A90-4F82-B79D-66DB8686611E}.Release|Any CPU.ActiveCfg = Release|Any CPU
		{81EC0511-1A90-4F82-B79D-66DB8686611E}.Release|Any CPU.Build.0 = Release|Any CPU
		{F5919DD9-0A55-49F2-86A6-BA8C6FDDBB41}.Debug|Any CPU.ActiveCfg = Debug|Any CPU
		{F5919DD9-0A55-49F2-86A6-BA8C6FDDBB41}.Debug|Any CPU.Build.0 = Debug|Any CPU
		{F5919DD9-0A55-49F2-86A6-BA8C6FDDBB41}.Release|Any CPU.ActiveCfg = Release|Any CPU
		{F5919DD9-0A55-49F2-86A6-BA8C6FDDBB41}.Release|Any CPU.Build.0 = Release|Any CPU
		{008EE560-6F39-4444-B37D-34F787CD71F3}.Debug|Any CPU.ActiveCfg = Debug|Any CPU
		{008EE560-6F39-4444-B37D-34F787CD71F3}.Debug|Any CPU.Build.0 = Debug|Any CPU
		{008EE560-6F39-4444-B37D-34F787CD71F3}.Release|Any CPU.ActiveCfg = Release|Any CPU
		{008EE560-6F39-4444-B37D-34F787CD71F3}.Release|Any CPU.Build.0 = Release|Any CPU
		{1948C4BC-23FA-467C-97D9-6F520BB2BFC4}.Debug|Any CPU.ActiveCfg = Debug|Any CPU
		{1948C4BC-23FA-467C-97D9-6F520BB2BFC4}.Debug|Any CPU.Build.0 = Debug|Any CPU
		{1948C4BC-23FA-467C-97D9-6F520BB2BFC4}.Release|Any CPU.ActiveCfg = Release|Any CPU
		{1948C4BC-23FA-467C-97D9-6F520BB2BFC4}.Release|Any CPU.Build.0 = Release|Any CPU
		{0ED5F52E-1AAF-46C5-A2C2-CF3FE10B7CE0}.Debug|Any CPU.ActiveCfg = Debug|Any CPU
		{0ED5F52E-1AAF-46C5-A2C2-CF3FE10B7CE0}.Debug|Any CPU.Build.0 = Debug|Any CPU
		{0ED5F52E-1AAF-46C5-A2C2-CF3FE10B7CE0}.Release|Any CPU.ActiveCfg = Release|Any CPU
		{0ED5F52E-1AAF-46C5-A2C2-CF3FE10B7CE0}.Release|Any CPU.Build.0 = Release|Any CPU
		{49EADB54-46BE-4275-95E0-5E299D172A77}.Debug|Any CPU.ActiveCfg = Debug|Any CPU
		{49EADB54-46BE-4275-95E0-5E299D172A77}.Debug|Any CPU.Build.0 = Debug|Any CPU
		{49EADB54-46BE-4275-95E0-5E299D172A77}.Release|Any CPU.ActiveCfg = Release|Any CPU
		{49EADB54-46BE-4275-95E0-5E299D172A77}.Release|Any CPU.Build.0 = Release|Any CPU
		{B1C7B6E7-0274-4897-9A46-D4869F1C3742}.Debug|Any CPU.ActiveCfg = Debug|Any CPU
		{B1C7B6E7-0274-4897-9A46-D4869F1C3742}.Debug|Any CPU.Build.0 = Debug|Any CPU
		{B1C7B6E7-0274-4897-9A46-D4869F1C3742}.Release|Any CPU.ActiveCfg = Release|Any CPU
		{B1C7B6E7-0274-4897-9A46-D4869F1C3742}.Release|Any CPU.Build.0 = Release|Any CPU
		{A6002FFE-8118-4C65-890B-49ABC52FFD14}.Debug|Any CPU.ActiveCfg = Debug|Any CPU
		{A6002FFE-8118-4C65-890B-49ABC52FFD14}.Debug|Any CPU.Build.0 = Debug|Any CPU
		{A6002FFE-8118-4C65-890B-49ABC52FFD14}.Release|Any CPU.ActiveCfg = Release|Any CPU
		{A6002FFE-8118-4C65-890B-49ABC52FFD14}.Release|Any CPU.Build.0 = Release|Any CPU
		{E483A47D-7AFD-4718-89A4-873816C67DEB}.Debug|Any CPU.ActiveCfg = Debug|Any CPU
		{E483A47D-7AFD-4718-89A4-873816C67DEB}.Debug|Any CPU.Build.0 = Debug|Any CPU
		{E483A47D-7AFD-4718-89A4-873816C67DEB}.Release|Any CPU.ActiveCfg = Release|Any CPU
		{E483A47D-7AFD-4718-89A4-873816C67DEB}.Release|Any CPU.Build.0 = Release|Any CPU
	EndGlobalSection
	GlobalSection(SolutionProperties) = preSolution
		HideSolutionNode = FALSE
	EndGlobalSection
	GlobalSection(NestedProjects) = preSolution
		{88BA8794-384A-4DE4-884D-3935C3C9AABE} = {0B4B9D95-ADF7-47F8-8DB3-602EAAD63056}
		{81EC0511-1A90-4F82-B79D-66DB8686611E} = {88BA8794-384A-4DE4-884D-3935C3C9AABE}
		{F5919DD9-0A55-49F2-86A6-BA8C6FDDBB41} = {88BA8794-384A-4DE4-884D-3935C3C9AABE}
		{008EE560-6F39-4444-B37D-34F787CD71F3} = {0B4B9D95-ADF7-47F8-8DB3-602EAAD63056}
		{1948C4BC-23FA-467C-97D9-6F520BB2BFC4} = {E91B9266-A071-4280-8465-4794E8BE47B3}
		{49EADB54-46BE-4275-95E0-5E299D172A77} = {D093E990-C50E-4942-8396-67CDE68822D7}
		{B1C7B6E7-0274-4897-9A46-D4869F1C3742} = {20FE9FA7-1C19-40A6-939B-7783FC71CE47}
		{A6002FFE-8118-4C65-890B-49ABC52FFD14} = {0B4B9D95-ADF7-47F8-8DB3-602EAAD63056}
		{0B4B9D95-ADF7-47F8-8DB3-602EAAD63056} = {E91B9266-A071-4280-8465-4794E8BE47B3}
		{20FE9FA7-1C19-40A6-939B-7783FC71CE47} = {E91B9266-A071-4280-8465-4794E8BE47B3}
		{E483A47D-7AFD-4718-89A4-873816C67DEB} = {D093E990-C50E-4942-8396-67CDE68822D7}
	EndGlobalSection
EndGlobal
